
Microsoft Visual Studio Solution File, Format Version 12.00
# Visual Studio 15
VisualStudioVersion = 15.0.28307.168
MinimumVisualStudioVersion = 10.0.40219.1
Project("{888888A0-9F3D-457C-B088-3A5042F75D52}") = "plang", "plang\plang.pyproj", "{1774E873-CE5E-4836-AD41-2DF0A50619B4}"
EndProject
Global
	GlobalSection(SolutionConfigurationPlatforms) = preSolution
		Debug|Any CPU = Debug|Any CPU
		Release|Any CPU = Release|Any CPU
	EndGlobalSection
	GlobalSection(ProjectConfigurationPlatforms) = postSolution
		{1774E873-CE5E-4836-AD41-2DF0A50619B4}.Debug|Any CPU.ActiveCfg = Debug|Any CPU
		{1774E873-CE5E-4836-AD41-2DF0A50619B4}.Release|Any CPU.ActiveCfg = Release|Any CPU
	EndGlobalSection
	GlobalSection(SolutionProperties) = preSolution
		HideSolutionNode = FALSE
	EndGlobalSection
	GlobalSection(ExtensibilityGlobals) = postSolution
		SolutionGuid = {AB58DABE-43BD-49C8-AA4E-A956A37DD0E1}
	EndGlobalSection
EndGlobal
